// !$*UTF8*$!
{
	archiveVersion = 1;
	classes = {
	};
	objectVersion = 50;
	objects = {

/* Begin PBXBuildFile section */
		DE2D7D0421B70BD100EC4527 /* Kick SwaggedOut 7.wav in Resources */ = {isa = PBXBuildFile; fileRef = DE2D7D0321B70BD100EC4527 /* Kick SwaggedOut 7.wav */; };
		DE2D7D0821B83E5000EC4527 /* HiHat Pedal Close_08.wav in Resources */ = {isa = PBXBuildFile; fileRef = DE2D7D0721B83E5000EC4527 /* HiHat Pedal Close_08.wav */; };
		DE2D7D0C21B848B900EC4527 /* Snare Dragon 2 V3.wav in Resources */ = {isa = PBXBuildFile; fileRef = DE2D7D0B21B848B900EC4527 /* Snare Dragon 2 V3.wav */; };
		DE2D7D0E21B8493700EC4527 /* SC Snare11.wav in Resources */ = {isa = PBXBuildFile; fileRef = DE2D7D0D21B8493700EC4527 /* SC Snare11.wav */; };
		DE2D7D1021B88DD400EC4527 /* SnareRim Stadium V13.wav in Resources */ = {isa = PBXBuildFile; fileRef = DE2D7D0F21B88DD400EC4527 /* SnareRim Stadium V13.wav */; };
		DE2D7D1321B88F7700EC4527 /* HiHat_10_V26_2.wav in Resources */ = {isa = PBXBuildFile; fileRef = DE2D7D1121B88F7700EC4527 /* HiHat_10_V26_2.wav */; };
		DE2D7D1421B88F7700EC4527 /* HiHat_10_V26_1.wav in Resources */ = {isa = PBXBuildFile; fileRef = DE2D7D1221B88F7700EC4527 /* HiHat_10_V26_1.wav */; };
		DE8714BE21B7008E0083ED49 /* AppDelegate.swift in Sources */ = {isa = PBXBuildFile; fileRef = DE8714BD21B7008E0083ED49 /* AppDelegate.swift */; };
		DE8714C021B7008E0083ED49 /* ViewController.swift in Sources */ = {isa = PBXBuildFile; fileRef = DE8714BF21B7008E0083ED49 /* ViewController.swift */; };
		DE8714C321B7008E0083ED49 /* Main.storyboard in Resources */ = {isa = PBXBuildFile; fileRef = DE8714C121B7008E0083ED49 /* Main.storyboard */; };
		DE8714C521B700920083ED49 /* Assets.xcassets in Resources */ = {isa = PBXBuildFile; fileRef = DE8714C421B700920083ED49 /* Assets.xcassets */; };
		DE8714C821B700920083ED49 /* LaunchScreen.storyboard in Resources */ = {isa = PBXBuildFile; fileRef = DE8714C621B700920083ED49 /* LaunchScreen.storyboard */; };
		DE8714D021B7027D0083ED49 /* AudioPlayer.swift.swift in Sources */ = {isa = PBXBuildFile; fileRef = DE8714CF21B7027C0083ED49 /* AudioPlayer.swift.swift */; };
		DE8714D421B704AD0083ED49 /* ReDIColors-1.swift.swift in Sources */ = {isa = PBXBuildFile; fileRef = DE8714D321B704AD0083ED49 /* ReDIColors-1.swift.swift */; };
		DEF939E721B9A39C0074F41F /* RediboxButton.swift in Sources */ = {isa = PBXBuildFile; fileRef = DEF939E621B9A39C0074F41F /* RediboxButton.swift */; };
/* End PBXBuildFile section */

/* Begin PBXFileReference section */
		DE2D7D0321B70BD100EC4527 /* Kick SwaggedOut 7.wav */ = {isa = PBXFileReference; lastKnownFileType = audio.wav; path = "Kick SwaggedOut 7.wav"; sourceTree = "<group>"; };
		DE2D7D0721B83E5000EC4527 /* HiHat Pedal Close_08.wav */ = {isa = PBXFileReference; lastKnownFileType = audio.wav; path = "HiHat Pedal Close_08.wav"; sourceTree = "<group>"; };
		DE2D7D0B21B848B900EC4527 /* Snare Dragon 2 V3.wav */ = {isa = PBXFileReference; lastKnownFileType = audio.wav; path = "Snare Dragon 2 V3.wav"; sourceTree = "<group>"; };
		DE2D7D0D21B8493700EC4527 /* SC Snare11.wav */ = {isa = PBXFileReference; lastKnownFileType = audio.wav; path = "SC Snare11.wav"; sourceTree = "<group>"; };
		DE2D7D0F21B88DD400EC4527 /* SnareRim Stadium V13.wav */ = {isa = PBXFileReference; lastKnownFileType = audio.wav; path = "SnareRim Stadium V13.wav"; sourceTree = "<group>"; };
		DE2D7D1121B88F7700EC4527 /* HiHat_10_V26_2.wav */ = {isa = PBXFileReference; lastKnownFileType = audio.wav; path = HiHat_10_V26_2.wav; sourceTree = "<group>"; };
		DE2D7D1221B88F7700EC4527 /* HiHat_10_V26_1.wav */ = {isa = PBXFileReference; lastKnownFileType = audio.wav; path = HiHat_10_V26_1.wav; sourceTree = "<group>"; };
		DE8714BA21B7008E0083ED49 /* RediBox final project.app */ = {isa = PBXFileReference; explicitFileType = wrapper.application; includeInIndex = 0; path = "RediBox final project.app"; sourceTree = BUILT_PRODUCTS_DIR; };
		DE8714BD21B7008E0083ED49 /* AppDelegate.swift */ = {isa = PBXFileReference; lastKnownFileType = sourcecode.swift; path = AppDelegate.swift; sourceTree = "<group>"; };
		DE8714BF21B7008E0083ED49 /* ViewController.swift */ = {isa = PBXFileReference; lastKnownFileType = sourcecode.swift; path = ViewController.swift; sourceTree = "<group>"; };
		DE8714C221B7008E0083ED49 /* Base */ = {isa = PBXFileReference; lastKnownFileType = file.storyboard; name = Base; path = Base.lproj/Main.storyboard; sourceTree = "<group>"; };
		DE8714C421B700920083ED49 /* Assets.xcassets */ = {isa = PBXFileReference; lastKnownFileType = folder.assetcatalog; path = Assets.xcassets; sourceTree = "<group>"; };
		DE8714C721B700920083ED49 /* Base */ = {isa = PBXFileReference; lastKnownFileType = file.storyboard; name = Base; path = Base.lproj/LaunchScreen.storyboard; sourceTree = "<group>"; };
		DE8714C921B700920083ED49 /* Info.plist */ = {isa = PBXFileReference; lastKnownFileType = text.plist.xml; path = Info.plist; sourceTree = "<group>"; };
		DE8714CF21B7027C0083ED49 /* AudioPlayer.swift.swift */ = {isa = PBXFileReference; fileEncoding = 4; lastKnownFileType = sourcecode.swift; path = AudioPlayer.swift.swift; sourceTree = "<group>"; };
		DE8714D321B704AD0083ED49 /* ReDIColors-1.swift.swift */ = {isa = PBXFileReference; fileEncoding = 4; lastKnownFileType = sourcecode.swift; path = "ReDIColors-1.swift.swift"; sourceTree = "<group>"; };
		DEF939E621B9A39C0074F41F /* RediboxButton.swift */ = {isa = PBXFileReference; lastKnownFileType = sourcecode.swift; path = RediboxButton.swift; sourceTree = "<group>"; };
/* End PBXFileReference section */

/* Begin PBXFrameworksBuildPhase section */
		DE8714B721B7008E0083ED49 /* Frameworks */ = {
			isa = PBXFrameworksBuildPhase;
			buildActionMask = 2147483647;
			files = (
			);
			runOnlyForDeploymentPostprocessing = 0;
		};
/* End PBXFrameworksBuildPhase section */

/* Begin PBXGroup section */
		DE8714B121B7008E0083ED49 = {
			isa = PBXGroup;
			children = (
				DEF939E621B9A39C0074F41F /* RediboxButton.swift */,
				DE8714BC21B7008E0083ED49 /* RediBox final project */,
				DE8714BB21B7008E0083ED49 /* Products */,
			);
			sourceTree = "<group>";
		};
		DE8714BB21B7008E0083ED49 /* Products */ = {
			isa = PBXGroup;
			children = (
				DE8714BA21B7008E0083ED49 /* RediBox final project.app */,
			);
			name = Products;
			sourceTree = "<group>";
		};
		DE8714BC21B7008E0083ED49 /* RediBox final project */ = {
			isa = PBXGroup;
			children = (
				DE8714BD21B7008E0083ED49 /* AppDelegate.swift */,
				DE8714BF21B7008E0083ED49 /* ViewController.swift */,
				DE8714CF21B7027C0083ED49 /* AudioPlayer.swift.swift */,
				DE8714D321B704AD0083ED49 /* ReDIColors-1.swift.swift */,
				DE8714C121B7008E0083ED49 /* Main.storyboard */,
				DE8714C421B700920083ED49 /* Assets.xcassets */,
				DE2D7D0321B70BD100EC4527 /* Kick SwaggedOut 7.wav */,
				DE2D7D0F21B88DD400EC4527 /* SnareRim Stadium V13.wav */,
				DE2D7D0721B83E5000EC4527 /* HiHat Pedal Close_08.wav */,
				DE2D7D1221B88F7700EC4527 /* HiHat_10_V26_1.wav */,
				DE2D7D1121B88F7700EC4527 /* HiHat_10_V26_2.wav */,
				DE2D7D0B21B848B900EC4527 /* Snare Dragon 2 V3.wav */,
				DE2D7D0D21B8493700EC4527 /* SC Snare11.wav */,
				DE8714C621B700920083ED49 /* LaunchScreen.storyboard */,
				DE8714C921B700920083ED49 /* Info.plist */,
			);
			path = "RediBox final project";
			sourceTree = "<group>";
		};
/* End PBXGroup section */

/* Begin PBXNativeTarget section */
		DE8714B921B7008E0083ED49 /* RediBox final project */ = {
			isa = PBXNativeTarget;
			buildConfigurationList = DE8714CC21B700930083ED49 /* Build configuration list for PBXNativeTarget "RediBox final project" */;
			buildPhases = (
				DE8714B621B7008E0083ED49 /* Sources */,
				DE8714B721B7008E0083ED49 /* Frameworks */,
				DE8714B821B7008E0083ED49 /* Resources */,
			);
			buildRules = (
			);
			dependencies = (
			);
			name = "RediBox final project";
			productName = "RediBox final project";
			productReference = DE8714BA21B7008E0083ED49 /* RediBox final project.app */;
			productType = "com.apple.product-type.application";
		};
/* End PBXNativeTarget section */

/* Begin PBXProject section */
		DE8714B221B7008E0083ED49 /* Project object */ = {
			isa = PBXProject;
			attributes = {
				LastSwiftUpdateCheck = 0940;
				LastUpgradeCheck = 0940;
				ORGANIZATIONNAME = Ksen;
				TargetAttributes = {
					DE8714B921B7008E0083ED49 = {
						CreatedOnToolsVersion = 9.4.1;
					};
				};
			};
			buildConfigurationList = DE8714B521B7008E0083ED49 /* Build configuration list for PBXProject "RediBox final project" */;
			compatibilityVersion = "Xcode 9.3";
			developmentRegion = en;
			hasScannedForEncodings = 0;
			knownRegions = (
				en,
				Base,
			);
			mainGroup = DE8714B121B7008E0083ED49;
			productRefGroup = DE8714BB21B7008E0083ED49 /* Products */;
			projectDirPath = "";
			projectRoot = "";
			targets = (
				DE8714B921B7008E0083ED49 /* RediBox final project */,
			);
		};
/* End PBXProject section */

/* Begin PBXResourcesBuildPhase section */
		DE8714B821B7008E0083ED49 /* Resources */ = {
			isa = PBXResourcesBuildPhase;
			buildActionMask = 2147483647;
			files = (
				DE2D7D0C21B848B900EC4527 /* Snare Dragon 2 V3.wav in Resources */,
				DE2D7D0421B70BD100EC4527 /* Kick SwaggedOut 7.wav in Resources */,
				DE2D7D0E21B8493700EC4527 /* SC Snare11.wav in Resources */,
				DE2D7D1021B88DD400EC4527 /* SnareRim Stadium V13.wav in Resources */,
				DE8714C821B700920083ED49 /* LaunchScreen.storyboard in Resources */,
				DE2D7D0821B83E5000EC4527 /* HiHat Pedal Close_08.wav in Resources */,
				DE8714C521B700920083ED49 /* Assets.xcassets in Resources */,
				DE2D7D1421B88F7700EC4527 /* HiHat_10_V26_1.wav in Resources */,
				DE2D7D1321B88F7700EC4527 /* HiHat_10_V26_2.wav in Resources */,
				DE8714C321B7008E0083ED49 /* Main.storyboard in Resources */,
			);
			runOnlyForDeploymentPostprocessing = 0;
		};
/* End PBXResourcesBuildPhase section */

/* Begin PBXSourcesBuildPhase section */
		DE8714B621B7008E0083ED49 /* Sources */ = {
			isa = PBXSourcesBuildPhase;
			buildActionMask = 2147483647;
			files = (
				DE8714C021B7008E0083ED49 /* ViewController.swift in Sources */,
				DE8714D421B704AD0083ED49 /* ReDIColors-1.swift.swift in Sources */,
				DE8714BE21B7008E0083ED49 /* AppDelegate.swift in Sources */,
				DEF939E721B9A39C0074F41F /* RediboxButton.swift in Sources */,
				DE8714D021B7027D0083ED49 /* AudioPlayer.swift.swift in Sources */,
			);
			runOnlyForDeploymentPostprocessing = 0;
		};
/* End PBXSourcesBuildPhase section */

/* Begin PBXVariantGroup section */
		DE8714C121B7008E0083ED49 /* Main.storyboard */ = {
			isa = PBXVariantGroup;
			children = (
				DE8714C221B7008E0083ED49 /* Base */,
			);
			name = Main.storyboard;
			sourceTree = "<group>";
		};
		DE8714C621B700920083ED49 /* LaunchScreen.storyboard */ = {
			isa = PBXVariantGroup;
			children = (
				DE8714C721B700920083ED49 /* Base */,
			);
			name = LaunchScreen.storyboard;
			sourceTree = "<group>";
		};
/* End PBXVariantGroup section */

/* Begin XCBuildConfiguration section */
		DE8714CA21B700930083ED49 /* Debug */ = {
			isa = XCBuildConfiguration;
			buildSettings = {
				ALWAYS_SEARCH_USER_PATHS = NO;
				CLANG_ANALYZER_NONNULL = YES;
				CLANG_ANALYZER_NUMBER_OBJECT_CONVERSION = YES_AGGRESSIVE;
				CLANG_CXX_LANGUAGE_STANDARD = "gnu++14";
				CLANG_CXX_LIBRARY = "libc++";
				CLANG_ENABLE_MODULES = YES;
				CLANG_ENABLE_OBJC_ARC = YES;
				CLANG_ENABLE_OBJC_WEAK = YES;
				CLANG_WARN_BLOCK_CAPTURE_AUTORELEASING = YES;
				CLANG_WARN_BOOL_CONVERSION = YES;
				CLANG_WARN_COMMA = YES;
				CLANG_WARN_CONSTANT_CONVERSION = YES;
				CLANG_WARN_DEPRECATED_OBJC_IMPLEMENTATIONS = YES;
				CLANG_WARN_DIRECT_OBJC_ISA_USAGE = YES_ERROR;
				CLANG_WARN_DOCUMENTATION_COMMENTS = YES;
				CLANG_WARN_EMPTY_BODY = YES;
				CLANG_WARN_ENUM_CONVERSION = YES;
				CLANG_WARN_INFINITE_RECURSION = YES;
				CLANG_WARN_INT_CONVERSION = YES;
				CLANG_WARN_NON_LITERAL_NULL_CONVERSION = YES;
				CLANG_WARN_OBJC_IMPLICIT_RETAIN_SELF = YES;
				CLANG_WARN_OBJC_LITERAL_CONVERSION = YES;
				CLANG_WARN_OBJC_ROOT_CLASS = YES_ERROR;
				CLANG_WARN_RANGE_LOOP_ANALYSIS = YES;
				CLANG_WARN_STRICT_PROTOTYPES = YES;
				CLANG_WARN_SUSPICIOUS_MOVE = YES;
				CLANG_WARN_UNGUARDED_AVAILABILITY = YES_AGGRESSIVE;
				CLANG_WARN_UNREACHABLE_CODE = YES;
				CLANG_WARN__DUPLICATE_METHOD_MATCH = YES;
				CODE_SIGN_IDENTITY = "iPhone Developer";
				COPY_PHASE_STRIP = NO;
				DEBUG_INFORMATION_FORMAT = dwarf;
				ENABLE_STRICT_OBJC_MSGSEND = YES;
				ENABLE_TESTABILITY = YES;
				GCC_C_LANGUAGE_STANDARD = gnu11;
				GCC_DYNAMIC_NO_PIC = NO;
				GCC_NO_COMMON_BLOCKS = YES;
				GCC_OPTIMIZATION_LEVEL = 0;
				GCC_PREPROCESSOR_DEFINITIONS = (
					"DEBUG=1",
					"$(inherited)",
				);
				GCC_WARN_64_TO_32_BIT_CONVERSION = YES;
				GCC_WARN_ABOUT_RETURN_TYPE = YES_ERROR;
				GCC_WARN_UNDECLARED_SELECTOR = YES;
				GCC_WARN_UNINITIALIZED_AUTOS = YES_AGGRESSIVE;
				GCC_WARN_UNUSED_FUNCTION = YES;
				GCC_WARN_UNUSED_VARIABLE = YES;
				IPHONEOS_DEPLOYMENT_TARGET = 11.4;
				MTL_ENABLE_DEBUG_INFO = YES;
				ONLY_ACTIVE_ARCH = YES;
				SDKROOT = iphoneos;
				SWIFT_ACTIVE_COMPILATION_CONDITIONS = DEBUG;
				SWIFT_OPTIMIZATION_LEVEL = "-Onone";
			};
			name = Debug;
		};
		DE8714CB21B700930083ED49 /* Release */ = {
			isa = XCBuildConfiguration;
			buildSettings = {
				ALWAYS_SEARCH_USER_PATHS = NO;
				CLANG_ANALYZER_NONNULL = YES;
				CLANG_ANALYZER_NUMBER_OBJECT_CONVERSION = YES_AGGRESSIVE;
				CLANG_CXX_LANGUAGE_STANDARD = "gnu++14";
				CLANG_CXX_LIBRARY = "libc++";
				CLANG_ENABLE_MODULES = YES;
				CLANG_ENABLE_OBJC_ARC = YES;
				CLANG_ENABLE_OBJC_WEAK = YES;
				CLANG_WARN_BLOCK_CAPTURE_AUTORELEASING = YES;
				CLANG_WARN_BOOL_CONVERSION = YES;
				CLANG_WARN_COMMA = YES;
				CLANG_WARN_CONSTANT_CONVERSION = YES;
				CLANG_WARN_DEPRECATED_OBJC_IMPLEMENTATIONS = YES;
				CLANG_WARN_DIRECT_OBJC_ISA_USAGE = YES_ERROR;
				CLANG_WARN_DOCUMENTATION_COMMENTS = YES;
				CLANG_WARN_EMPTY_BODY = YES;
				CLANG_WARN_ENUM_CONVERSION = YES;
				CLANG_WARN_INFINITE_RECURSION = YES;
				CLANG_WARN_INT_CONVERSION = YES;
				CLANG_WARN_NON_LITERAL_NULL_CONVERSION = YES;
				CLANG_WARN_OBJC_IMPLICIT_RETAIN_SELF = YES;
				CLANG_WARN_OBJC_LITERAL_CONVERSION = YES;
				CLANG_WARN_OBJC_ROOT_CLASS = YES_ERROR;
				CLANG_WARN_RANGE_LOOP_ANALYSIS = YES;
				CLANG_WARN_STRICT_PROTOTYPES = YES;
				CLANG_WARN_SUSPICIOUS_MOVE = YES;
				CLANG_WARN_UNGUARDED_AVAILABILITY = YES_AGGRESSIVE;
				CLANG_WARN_UNREACHABLE_CODE = YES;
				CLANG_WARN__DUPLICATE_METHOD_MATCH = YES;
				CODE_SIGN_IDENTITY = "iPhone Developer";
				COPY_PHASE_STRIP = NO;
				DEBUG_INFORMATION_FORMAT = "dwarf-with-dsym";
				ENABLE_NS_ASSERTIONS = NO;
				ENABLE_STRICT_OBJC_MSGSEND = YES;
				GCC_C_LANGUAGE_STANDARD = gnu11;
				GCC_NO_COMMON_BLOCKS = YES;
				GCC_WARN_64_TO_32_BIT_CONVERSION = YES;
				GCC_WARN_ABOUT_RETURN_TYPE = YES_ERROR;
				GCC_WARN_UNDECLARED_SELECTOR = YES;
				GCC_WARN_UNINITIALIZED_AUTOS = YES_AGGRESSIVE;
				GCC_WARN_UNUSED_FUNCTION = YES;
				GCC_WARN_UNUSED_VARIABLE = YES;
				IPHONEOS_DEPLOYMENT_TARGET = 11.4;
				MTL_ENABLE_DEBUG_INFO = NO;
				SDKROOT = iphoneos;
				SWIFT_COMPILATION_MODE = wholemodule;
				SWIFT_OPTIMIZATION_LEVEL = "-O";
				VALIDATE_PRODUCT = YES;
			};
			name = Release;
		};
		DE8714CD21B700930083ED49 /* Debug */ = {
			isa = XCBuildConfiguration;
			buildSettings = {
				ASSETCATALOG_COMPILER_APPICON_NAME = AppIcon;
				CODE_SIGN_STYLE = Automatic;
				DEVELOPMENT_TEAM = VZKX53UCD4;
				INFOPLIST_FILE = "RediBox final project/Info.plist";
				IPHONEOS_DEPLOYMENT_TARGET = 10.0;
				LD_RUNPATH_SEARCH_PATHS = (
					"$(inherited)",
					"@executable_path/Frameworks",
				);
				PRODUCT_BUNDLE_IDENTIFIER = "com.example.RediBox-final-project";
				PRODUCT_NAME = "$(TARGET_NAME)";
				SWIFT_VERSION = 4.0;
				TARGETED_DEVICE_FAMILY = "1,2";
			};
			name = Debug;
		};
		DE8714CE21B700930083ED49 /* Release */ = {
			isa = XCBuildConfiguration;
			buildSettings = {
				ASSETCATALOG_COMPILER_APPICON_NAME = AppIcon;
				CODE_SIGN_STYLE = Automatic;
				DEVELOPMENT_TEAM = VZKX53UCD4;
				INFOPLIST_FILE = "RediBox final project/Info.plist";
				IPHONEOS_DEPLOYMENT_TARGET = 10.0;
				LD_RUNPATH_SEARCH_PATHS = (
					"$(inherited)",
					"@executable_path/Frameworks",
				);
				PRODUCT_BUNDLE_IDENTIFIER = "com.example.RediBox-final-project";
				PRODUCT_NAME = "$(TARGET_NAME)";
				SWIFT_VERSION = 4.0;
				TARGETED_DEVICE_FAMILY = "1,2";
			};
			name = Release;
		};
/* End XCBuildConfiguration section */

/* Begin XCConfigurationList section */
		DE8714B521B7008E0083ED49 /* Build configuration list for PBXProject "RediBox final project" */ = {
			isa = XCConfigurationList;
			buildConfigurations = (
				DE8714CA21B700930083ED49 /* Debug */,
				DE8714CB21B700930083ED49 /* Release */,
			);
			defaultConfigurationIsVisible = 0;
			defaultConfigurationName = Release;
		};
		DE8714CC21B700930083ED49 /* Build configuration list for PBXNativeTarget "RediBox final project" */ = {
			isa = XCConfigurationList;
			buildConfigurations = (
				DE8714CD21B700930083ED49 /* Debug */,
				DE8714CE21B700930083ED49 /* Release */,
			);
			defaultConfigurationIsVisible = 0;
			defaultConfigurationName = Release;
		};
/* End XCConfigurationList section */
	};
	rootObject = DE8714B221B7008E0083ED49 /* Project object */;
}
